<?xml version="1.0" encoding="utf-8"?>
<Project ToolsVersion="4.0" xmlns="http://schemas.microsoft.com/developer/msbuild/2003">
  <ItemGroup>
    <Filter Include="Source Files">
      <UniqueIdentifier>{4FC737F1-C7A5-4376-A066-2A32D752A2FF}</UniqueIdentifier>
      <Extensions>cpp;c;cc;cxx;def;odl;idl;hpj;bat;asm;asmx</Extensions>
    </Filter>
    <Filter Include="Header Files">
      <UniqueIdentifier>{93995380-89BD-4b04-88EB-625FBE52EBFB}</UniqueIdentifier>
      <Extensions>h;hpp;hxx;hm;inl;inc;xsd</Extensions>
    </Filter>
    <Filter Include="Resource Files">
      <UniqueIdentifier>{67DA6AB6-F800-4c08-8B7A-83BB121AAD01}</UniqueIdentifier>
      <Extensions>rc;ico;cur;bmp;dlg;rc2;rct;bin;rgs;gif;jpg;jpeg;jpe;resx;tiff;tif;png;wav;mfcribbon-ms</Extensions>
    </Filter>
    <Filter Include="Driver Files">
      <UniqueIdentifier>{8E41214B-6785-4CFE-B992-037D68949A14}</UniqueIdentifier>
      <Extensions>inf;inv;inx;mof;mc;</Extensions>
    </Filter>
  </ItemGroup>
  <ItemGroup>
    <ClInclude Include="include\refs.hpp">
      <Filter>Header Files</Filter>
    </ClInclude>
    <ClInclude Include="include\kstl\karray.hpp">
      <Filter>Header Files</Filter>
    </ClInclude>
    <ClInclude Include="include\kstl\kautolock.hpp">
      <Filter>Header Files</Filter>
    </ClInclude>
    <ClInclude Include="include\kstl\kavl.hpp">
      <Filter>Header Files</Filter>
    </ClInclude>
    <ClInclude Include="include\kstl\kcallback.hpp">
      <Filter>Header Files</Filter>
    </ClInclude>
    <ClInclude Include="include\kstl\kcrypt.hpp">
      <Filter>Header Files</Filter>
    </ClInclude>
    <ClInclude Include="include\kstl\kfile.hpp">
      <Filter>Header Files</Filter>
    </ClInclude>
    <ClInclude Include="include\kstl\kfilter.hpp">
      <Filter>Header Files</Filter>
    </ClInclude>
    <ClInclude Include="include\kstl\kfunctional.hpp">
      <Filter>Header Files</Filter>
    </ClInclude>
    <ClInclude Include="include\kstl\khash_table.hpp">
      <Filter>Header Files</Filter>
    </ClInclude>
    <ClInclude Include="include\kstl\khook.hpp">
      <Filter>Header Files</Filter>
    </ClInclude>
    <ClInclude Include="include\kstl\kioctl.hpp">
      <Filter>Header Files</Filter>
    </ClInclude>
    <ClInclude Include="include\kstl\klist.hpp">
      <Filter>Header Files</Filter>
    </ClInclude>
    <ClInclude Include="include\kstl\klog.hpp">
      <Filter>Header Files</Filter>
    </ClInclude>
    <ClInclude Include="include\kstl\kmemory.hpp">
      <Filter>Header Files</Filter>
    </ClInclude>
    <ClInclude Include="include\kstl\knet.hpp">
      <Filter>Header Files</Filter>
    </ClInclude>
    <ClInclude Include="include\kstl\kpe_parse.hpp">
      <Filter>Header Files</Filter>
    </ClInclude>
    <ClInclude Include="include\kstl\kref.hpp">
      <Filter>Header Files</Filter>
    </ClInclude>
    <ClInclude Include="include\kstl\kstring.hpp">
      <Filter>Header Files</Filter>
    </ClInclude>
    <ClInclude Include="include\kstl\ksystem_info.hpp">
      <Filter>Header Files</Filter>
    </ClInclude>
    <ClInclude Include="include\kstl\kvector.hpp">
      <Filter>Header Files</Filter>
    </ClInclude>
    <ClInclude Include="include\etwhook_init.hpp">
      <Filter>Header Files</Filter>
    </ClInclude>
    <ClInclude Include="include\etwhook_base.hpp">
      <Filter>Header Files</Filter>
    </ClInclude>
    <ClInclude Include="include\etwhook_manager.hpp">
      <Filter>Header Files</Filter>
    </ClInclude>
    <ClInclude Include="include\etwhook_utils.hpp">
      <Filter>Header Files</Filter>
    </ClInclude>
  </ItemGroup>
  <ItemGroup>
    <ClCompile Include="src\etwhook_main.cpp">
      <Filter>Source Files</Filter>
    </ClCompile>
    <ClCompile Include="src\etwhook_init.cpp">
      <Filter>Source Files</Filter>
    </ClCompile>
    <ClCompile Include="src\etwhook_manager.cpp">
      <Filter>Source Files</Filter>
    </ClCompile>
    <ClCompile Include="src\etwhook_utils.cpp">
      <Filter>Source Files</Filter>
    </ClCompile>
  </ItemGroup>
</Project>